
Microsoft Visual Studio Solution File, Format Version 12.00
# Visual Studio Version 17
VisualStudioVersion = 17.2.32526.322
MinimumVisualStudioVersion = 10.0.40219.1
Project("{FAE04EC0-301F-11D3-BF4B-00C04F79EFBC}") = "Ddc.PublicAffairs.DataManagement.Applications.KennanAzureFunction", "Ddc.PublicAffairs.DataManagement.Applications.KennanAzureFunction.csproj", "{EFDD7070-F9FE-4654-8F1F-F5C2625D6629}"
EndProject
Global
	GlobalSection(SolutionConfigurationPlatforms) = preSolution
		Debug|Any CPU = Debug|Any CPU
		Release|Any CPU = Release|Any CPU
	EndGlobalSection
	GlobalSection(ProjectConfigurationPlatforms) = postSolution
		{EFDD7070-F9FE-4654-8F1F-F5C2625D6629}.Debug|Any CPU.ActiveCfg = Debug|Any CPU
		{EFDD7070-F9FE-4654-8F1F-F5C2625D6629}.Debug|Any CPU.Build.0 = Debug|Any CPU
		{EFDD7070-F9FE-4654-8F1F-F5C2625D6629}.Release|Any CPU.ActiveCfg = Release|Any CPU
		{EFDD7070-F9FE-4654-8F1F-F5C2625D6629}.Release|Any CPU.Build.0 = Release|Any CPU
	EndGlobalSection
	GlobalSection(SolutionProperties) = preSolution
		HideSolutionNode = FALSE
	EndGlobalSection
	GlobalSection(ExtensibilityGlobals) = postSolution
		SolutionGuid = {4439E851-E1CE-419C-BB37-09C9B69A49B2}
	EndGlobalSection
EndGlobal
